
Microsoft Visual Studio Solution File, Format Version 12.00
# Visual Studio Version 17
VisualStudioVersion = 17.4.33103.184
MinimumVisualStudioVersion = 10.0.40219.1
Project("{9A19103F-16F7-4668-BE54-9A1E7A4F7556}") = "CoffeeShopProductList", "CoffeeShopProductList\CoffeeShopProductList.csproj", "{A9A12D6C-E52F-438A-9058-26F35372D768}"
EndProject
Project("{2150E333-8FDC-42A3-9474-1A3956D46DE8}") = "Solution Items", "Solution Items", "{DEE9F9CB-D65A-4115-B55C-3FC606DF725A}"
	ProjectSection(SolutionItems) = preProject
		CoffeeShopProductList_ReadMe.md = CoffeeShopProductList_ReadMe.md
		ProductRepository.cs = ProductRepository.cs
	EndProjectSection
EndProject
Global
	GlobalSection(SolutionConfigurationPlatforms) = preSolution
		Debug|Any CPU = Debug|Any CPU
		Release|Any CPU = Release|Any CPU
	EndGlobalSection
	GlobalSection(ProjectConfigurationPlatforms) = postSolution
		{A9A12D6C-E52F-438A-9058-26F35372D768}.Debug|Any CPU.ActiveCfg = Debug|Any CPU
		{A9A12D6C-E52F-438A-9058-26F35372D768}.Debug|Any CPU.Build.0 = Debug|Any CPU
		{A9A12D6C-E52F-438A-9058-26F35372D768}.Release|Any CPU.ActiveCfg = Release|Any CPU
		{A9A12D6C-E52F-438A-9058-26F35372D768}.Release|Any CPU.Build.0 = Release|Any CPU
	EndGlobalSection
	GlobalSection(SolutionProperties) = preSolution
		HideSolutionNode = FALSE
	EndGlobalSection
	GlobalSection(ExtensibilityGlobals) = postSolution
		SolutionGuid = {8A4B615E-DDD6-473C-B270-F8274AB040EA}
	EndGlobalSection
EndGlobal
