
Microsoft Visual Studio Solution File, Format Version 12.00
# Visual Studio Version 17
VisualStudioVersion = 17.3.32825.248
MinimumVisualStudioVersion = 10.0.40219.1
Project("{FAE04EC0-301F-11D3-BF4B-00C04F79EFBC}") = "ShoppingList", "ShoppingList\ShoppingList.csproj", "{9AA1280D-D8BF-42D2-9EB0-63E167D53F66}"
EndProject
Global
	GlobalSection(SolutionConfigurationPlatforms) = preSolution
		Debug|Any CPU = Debug|Any CPU
		Release|Any CPU = Release|Any CPU
	EndGlobalSection
	GlobalSection(ProjectConfigurationPlatforms) = postSolution
		{9AA1280D-D8BF-42D2-9EB0-63E167D53F66}.Debug|Any CPU.ActiveCfg = Debug|Any CPU
		{9AA1280D-D8BF-42D2-9EB0-63E167D53F66}.Debug|Any CPU.Build.0 = Debug|Any CPU
		{9AA1280D-D8BF-42D2-9EB0-63E167D53F66}.Release|Any CPU.ActiveCfg = Release|Any CPU
		{9AA1280D-D8BF-42D2-9EB0-63E167D53F66}.Release|Any CPU.Build.0 = Release|Any CPU
	EndGlobalSection
	GlobalSection(SolutionProperties) = preSolution
		HideSolutionNode = FALSE
	EndGlobalSection
	GlobalSection(ExtensibilityGlobals) = postSolution
		SolutionGuid = {E80805C6-F429-478F-9623-D5ABD0066423}
	EndGlobalSection
EndGlobal
