
Microsoft Visual Studio Solution File, Format Version 12.00
# Visual Studio Version 17
VisualStudioVersion = 17.3.32825.248
MinimumVisualStudioVersion = 10.0.40219.1
Project("{FAE04EC0-301F-11D3-BF4B-00C04F79EFBC}") = "RoomAnalyzer", "RoomAnalyzer\RoomAnalyzer.csproj", "{859FA891-A51A-40C6-8529-19ADC9B3A942}"
EndProject
Global
	GlobalSection(SolutionConfigurationPlatforms) = preSolution
		Debug|Any CPU = Debug|Any CPU
		Release|Any CPU = Release|Any CPU
	EndGlobalSection
	GlobalSection(ProjectConfigurationPlatforms) = postSolution
		{859FA891-A51A-40C6-8529-19ADC9B3A942}.Debug|Any CPU.ActiveCfg = Debug|Any CPU
		{859FA891-A51A-40C6-8529-19ADC9B3A942}.Debug|Any CPU.Build.0 = Debug|Any CPU
		{859FA891-A51A-40C6-8529-19ADC9B3A942}.Release|Any CPU.ActiveCfg = Release|Any CPU
		{859FA891-A51A-40C6-8529-19ADC9B3A942}.Release|Any CPU.Build.0 = Release|Any CPU
	EndGlobalSection
	GlobalSection(SolutionProperties) = preSolution
		HideSolutionNode = FALSE
	EndGlobalSection
	GlobalSection(ExtensibilityGlobals) = postSolution
		SolutionGuid = {6B4FDA6B-47D8-4A20-BB99-23F8DAE426B2}
	EndGlobalSection
EndGlobal
