
Microsoft Visual Studio Solution File, Format Version 12.00
# Visual Studio Version 17
VisualStudioVersion = 17.3.32825.248
MinimumVisualStudioVersion = 10.0.40219.1
Project("{9A19103F-16F7-4668-BE54-9A1E7A4F7556}") = "BasicLoops", "BasicLoops\BasicLoops.csproj", "{7C53DE41-B362-46AD-AFBC-0DAB35571C64}"
EndProject
Project("{FAE04EC0-301F-11D3-BF4B-00C04F79EFBC}") = "KeyCodeDoWhile", "KeyCodeDoWhile\KeyCodeDoWhile.csproj", "{D4A503AC-09E4-47B3-A18A-217F6E971857}"
EndProject
Global
	GlobalSection(SolutionConfigurationPlatforms) = preSolution
		Debug|Any CPU = Debug|Any CPU
		Release|Any CPU = Release|Any CPU
	EndGlobalSection
	GlobalSection(ProjectConfigurationPlatforms) = postSolution
		{7C53DE41-B362-46AD-AFBC-0DAB35571C64}.Debug|Any CPU.ActiveCfg = Debug|Any CPU
		{7C53DE41-B362-46AD-AFBC-0DAB35571C64}.Debug|Any CPU.Build.0 = Debug|Any CPU
		{7C53DE41-B362-46AD-AFBC-0DAB35571C64}.Release|Any CPU.ActiveCfg = Release|Any CPU
		{7C53DE41-B362-46AD-AFBC-0DAB35571C64}.Release|Any CPU.Build.0 = Release|Any CPU
		{D4A503AC-09E4-47B3-A18A-217F6E971857}.Debug|Any CPU.ActiveCfg = Debug|Any CPU
		{D4A503AC-09E4-47B3-A18A-217F6E971857}.Debug|Any CPU.Build.0 = Debug|Any CPU
		{D4A503AC-09E4-47B3-A18A-217F6E971857}.Release|Any CPU.ActiveCfg = Release|Any CPU
		{D4A503AC-09E4-47B3-A18A-217F6E971857}.Release|Any CPU.Build.0 = Release|Any CPU
	EndGlobalSection
	GlobalSection(SolutionProperties) = preSolution
		HideSolutionNode = FALSE
	EndGlobalSection
	GlobalSection(ExtensibilityGlobals) = postSolution
		SolutionGuid = {237C3B9C-8457-4720-A1EB-0F800F2A029B}
	EndGlobalSection
EndGlobal
