
Microsoft Visual Studio Solution File, Format Version 12.00
# Visual Studio Version 17
VisualStudioVersion = 17.3.32825.248
MinimumVisualStudioVersion = 10.0.40219.1
Project("{FAE04EC0-301F-11D3-BF4B-00C04F79EFBC}") = "Deliverable1", "Deliverable1\Deliverable1.csproj", "{B4383699-295C-4690-A717-7BFFAC84345F}"
EndProject
Global
	GlobalSection(SolutionConfigurationPlatforms) = preSolution
		Debug|Any CPU = Debug|Any CPU
		Release|Any CPU = Release|Any CPU
	EndGlobalSection
	GlobalSection(ProjectConfigurationPlatforms) = postSolution
		{B4383699-295C-4690-A717-7BFFAC84345F}.Debug|Any CPU.ActiveCfg = Debug|Any CPU
		{B4383699-295C-4690-A717-7BFFAC84345F}.Debug|Any CPU.Build.0 = Debug|Any CPU
		{B4383699-295C-4690-A717-7BFFAC84345F}.Release|Any CPU.ActiveCfg = Release|Any CPU
		{B4383699-295C-4690-A717-7BFFAC84345F}.Release|Any CPU.Build.0 = Release|Any CPU
	EndGlobalSection
	GlobalSection(SolutionProperties) = preSolution
		HideSolutionNode = FALSE
	EndGlobalSection
	GlobalSection(ExtensibilityGlobals) = postSolution
		SolutionGuid = {80BCE765-6003-4554-9AA9-8CE42421EA42}
	EndGlobalSection
EndGlobal
